
Microsoft Visual Studio Solution File, Format Version 12.00
# Visual Studio Version 17
VisualStudioVersion = 17.14.36915.13 d17.14
MinimumVisualStudioVersion = 10.0.40219.1
Project("{FAE04EC0-301F-11D3-BF4B-00C04F79EFBC}") = "ClientSchedule", "ClientSchedule.csproj", "{39D72FB5-7A2B-4C60-9657-4E0B9DA83CCE}"
EndProject
Global
	GlobalSection(SolutionConfigurationPlatforms) = preSolution
		Debug|Any CPU = Debug|Any CPU
		Release|Any CPU = Release|Any CPU
	EndGlobalSection
	GlobalSection(ProjectConfigurationPlatforms) = postSolution
		{39D72FB5-7A2B-4C60-9657-4E0B9DA83CCE}.Debug|Any CPU.ActiveCfg = Debug|Any CPU
		{39D72FB5-7A2B-4C60-9657-4E0B9DA83CCE}.Debug|Any CPU.Build.0 = Debug|Any CPU
		{39D72FB5-7A2B-4C60-9657-4E0B9DA83CCE}.Release|Any CPU.ActiveCfg = Release|Any CPU
		{39D72FB5-7A2B-4C60-9657-4E0B9DA83CCE}.Release|Any CPU.Build.0 = Release|Any CPU
	EndGlobalSection
	GlobalSection(SolutionProperties) = preSolution
		HideSolutionNode = FALSE
	EndGlobalSection
	GlobalSection(ExtensibilityGlobals) = postSolution
		SolutionGuid = {A606D1A4-358E-4E7E-B3AD-8E677B0F6A50}
	EndGlobalSection
EndGlobal
